
Microsoft Visual Studio Solution File, Format Version 12.00
# Visual Studio Version 16
VisualStudioVersion = 16.0.30309.148
MinimumVisualStudioVersion = 10.0.40219.1
Project("{9A19103F-16F7-4668-BE54-9A1E7A4F7556}") = "ExampleEventCreator", "ExampleEventCreator.csproj", "{969DD3F0-5012-4850-BF1A-32642798E8CF}"
EndProject
Global
	GlobalSection(SolutionConfigurationPlatforms) = preSolution
		Debug|Any CPU = Debug|Any CPU
		Release|Any CPU = Release|Any CPU
	EndGlobalSection
	GlobalSection(ProjectConfigurationPlatforms) = postSolution
		{969DD3F0-5012-4850-BF1A-32642798E8CF}.Debug|Any CPU.ActiveCfg = Debug|Any CPU
		{969DD3F0-5012-4850-BF1A-32642798E8CF}.Debug|Any CPU.Build.0 = Debug|Any CPU
		{969DD3F0-5012-4850-BF1A-32642798E8CF}.Release|Any CPU.ActiveCfg = Release|Any CPU
		{969DD3F0-5012-4850-BF1A-32642798E8CF}.Release|Any CPU.Build.0 = Release|Any CPU
	EndGlobalSection
	GlobalSection(SolutionProperties) = preSolution
		HideSolutionNode = FALSE
	EndGlobalSection
	GlobalSection(ExtensibilityGlobals) = postSolution
		SolutionGuid = {13E4B4B3-0B59-487E-8870-B030BF1F7EC7}
	EndGlobalSection
EndGlobal
