
Microsoft Visual Studio Solution File, Format Version 12.00
# Visual Studio Version 16
VisualStudioVersion = 16.0.30309.148
MinimumVisualStudioVersion = 10.0.40219.1
Project("{9A19103F-16F7-4668-BE54-9A1E7A4F7556}") = "localKeyClientSideToCustomerProvidedServerSide", "localKeyClientSideToCustomerProvidedServerSide.csproj", "{064FD28F-DAB0-46B5-9836-3419147553F1}"
EndProject
Global
	GlobalSection(SolutionConfigurationPlatforms) = preSolution
		Debug|Any CPU = Debug|Any CPU
		Release|Any CPU = Release|Any CPU
	EndGlobalSection
	GlobalSection(ProjectConfigurationPlatforms) = postSolution
		{064FD28F-DAB0-46B5-9836-3419147553F1}.Debug|Any CPU.ActiveCfg = Debug|Any CPU
		{064FD28F-DAB0-46B5-9836-3419147553F1}.Debug|Any CPU.Build.0 = Debug|Any CPU
		{064FD28F-DAB0-46B5-9836-3419147553F1}.Release|Any CPU.ActiveCfg = Release|Any CPU
		{064FD28F-DAB0-46B5-9836-3419147553F1}.Release|Any CPU.Build.0 = Release|Any CPU
	EndGlobalSection
	GlobalSection(SolutionProperties) = preSolution
		HideSolutionNode = FALSE
	EndGlobalSection
	GlobalSection(ExtensibilityGlobals) = postSolution
		SolutionGuid = {2D5EBAA7-96A8-4E9B-9520-F6CC6A1D1813}
	EndGlobalSection
EndGlobal
