
Microsoft Visual Studio Solution File, Format Version 12.00
# Visual Studio Version 16
VisualStudioVersion = 16.0.30406.217
MinimumVisualStudioVersion = 10.0.40219.1
Project("{FAE04EC0-301F-11D3-BF4B-00C04F79EFBC}") = "PerformanceProject", "PerformanceProject\PerformanceProject.csproj", "{470BB2FD-CAC2-422E-ABBC-35A6FA33B2FC}"
EndProject
Global
	GlobalSection(SolutionConfigurationPlatforms) = preSolution
		Debug|Any CPU = Debug|Any CPU
		Release|Any CPU = Release|Any CPU
	EndGlobalSection
	GlobalSection(ProjectConfigurationPlatforms) = postSolution
		{470BB2FD-CAC2-422E-ABBC-35A6FA33B2FC}.Debug|Any CPU.ActiveCfg = Debug|Any CPU
		{470BB2FD-CAC2-422E-ABBC-35A6FA33B2FC}.Debug|Any CPU.Build.0 = Debug|Any CPU
		{470BB2FD-CAC2-422E-ABBC-35A6FA33B2FC}.Release|Any CPU.ActiveCfg = Release|Any CPU
		{470BB2FD-CAC2-422E-ABBC-35A6FA33B2FC}.Release|Any CPU.Build.0 = Release|Any CPU
	EndGlobalSection
	GlobalSection(SolutionProperties) = preSolution
		HideSolutionNode = FALSE
	EndGlobalSection
	GlobalSection(ExtensibilityGlobals) = postSolution
		SolutionGuid = {1D88DDE5-2810-4E0A-9B85-BE144907D2C2}
	EndGlobalSection
EndGlobal
