
Microsoft Visual Studio Solution File, Format Version 12.00
# Visual Studio Version 16
VisualStudioVersion = 16.0.30309.148
MinimumVisualStudioVersion = 10.0.40219.1
Project("{9A19103F-16F7-4668-BE54-9A1E7A4F7556}") = "ExampleSetup", "ExampleSetup.csproj", "{C8D01D18-A4B8-4BB8-88BD-BBCABED368EC}"
EndProject
Global
	GlobalSection(SolutionConfigurationPlatforms) = preSolution
		Debug|Any CPU = Debug|Any CPU
		Release|Any CPU = Release|Any CPU
	EndGlobalSection
	GlobalSection(ProjectConfigurationPlatforms) = postSolution
		{C8D01D18-A4B8-4BB8-88BD-BBCABED368EC}.Debug|Any CPU.ActiveCfg = Debug|Any CPU
		{C8D01D18-A4B8-4BB8-88BD-BBCABED368EC}.Debug|Any CPU.Build.0 = Debug|Any CPU
		{C8D01D18-A4B8-4BB8-88BD-BBCABED368EC}.Release|Any CPU.ActiveCfg = Release|Any CPU
		{C8D01D18-A4B8-4BB8-88BD-BBCABED368EC}.Release|Any CPU.Build.0 = Release|Any CPU
	EndGlobalSection
	GlobalSection(SolutionProperties) = preSolution
		HideSolutionNode = FALSE
	EndGlobalSection
	GlobalSection(ExtensibilityGlobals) = postSolution
		SolutionGuid = {66223C78-A822-416B-A94E-685A1468202B}
	EndGlobalSection
EndGlobal
