
Microsoft Visual Studio Solution File, Format Version 12.00
# Visual Studio Version 16
VisualStudioVersion = 16.0.30320.27
MinimumVisualStudioVersion = 10.0.40219.1
Project("{FAE04EC0-301F-11D3-BF4B-00C04F79EFBC}") = "ORS", "ORS.csproj", "{023A027A-72A3-42F5-96D5-DE362A8BC41E}"
EndProject
Global
	GlobalSection(SolutionConfigurationPlatforms) = preSolution
		Debug|Any CPU = Debug|Any CPU
		Release|Any CPU = Release|Any CPU
	EndGlobalSection
	GlobalSection(ProjectConfigurationPlatforms) = postSolution
		{023A027A-72A3-42F5-96D5-DE362A8BC41E}.Debug|Any CPU.ActiveCfg = Debug|Any CPU
		{023A027A-72A3-42F5-96D5-DE362A8BC41E}.Debug|Any CPU.Build.0 = Debug|Any CPU
		{023A027A-72A3-42F5-96D5-DE362A8BC41E}.Release|Any CPU.ActiveCfg = Release|Any CPU
		{023A027A-72A3-42F5-96D5-DE362A8BC41E}.Release|Any CPU.Build.0 = Release|Any CPU
	EndGlobalSection
	GlobalSection(SolutionProperties) = preSolution
		HideSolutionNode = FALSE
	EndGlobalSection
	GlobalSection(ExtensibilityGlobals) = postSolution
		SolutionGuid = {ABD38DB0-83DE-466E-AAD2-DBB07474699B}
	EndGlobalSection
EndGlobal
